// !$*UTF8*$!
{
	archiveVersion = 1;
	classes = {
	};
	objectVersion = 50;
	objects = {

/* Begin PBXBuildFile section */
		EE84B4BB24D9233300C91CE8 /* swoosh1.caf in Resources */ = {isa = PBXBuildFile; fileRef = EE4047FA24D7277600844AFC /* swoosh1.caf */; };
		EE84B4BC24D9233700C91CE8 /* swoosh2.caf in Resources */ = {isa = PBXBuildFile; fileRef = EE40480024D7277700844AFC /* swoosh2.caf */; };
		EE84B4BD24D9233A00C91CE8 /* swoosh3.caf in Resources */ = {isa = PBXBuildFile; fileRef = EE4047F824D7277600844AFC /* swoosh3.caf */; };
		EE84B4BE24D9233D00C91CE8 /* whack.caf in Resources */ = {isa = PBXBuildFile; fileRef = EE4047FB24D7277600844AFC /* whack.caf */; };
		EE84B4BF24D9236300C91CE8 /* wrong.caf in Resources */ = {isa = PBXBuildFile; fileRef = EE4047FC24D7277600844AFC /* wrong.caf */; };
		EE84B4C024D9236800C91CE8 /* sliceBombFuse.caf in Resources */ = {isa = PBXBuildFile; fileRef = EE40480124D7277700844AFC /* sliceBombFuse.caf */; };
		EE84B4C124D9236B00C91CE8 /* launch.caf in Resources */ = {isa = PBXBuildFile; fileRef = EE4047FF24D7277600844AFC /* launch.caf */; };
		EE84B4C224D9236F00C91CE8 /* explosion.caf in Resources */ = {isa = PBXBuildFile; fileRef = EE4047F724D7277600844AFC /* explosion.caf */; };
		EEC5117B24D58F4C003062A1 /* AppDelegate.swift in Sources */ = {isa = PBXBuildFile; fileRef = EEC5117A24D58F4C003062A1 /* AppDelegate.swift */; };
		EEC5117D24D58F4C003062A1 /* GameScene.sks in Resources */ = {isa = PBXBuildFile; fileRef = EEC5117C24D58F4C003062A1 /* GameScene.sks */; };
		EEC5118124D58F4C003062A1 /* GameScene.swift in Sources */ = {isa = PBXBuildFile; fileRef = EEC5118024D58F4C003062A1 /* GameScene.swift */; };
		EEC5118324D58F4C003062A1 /* GameViewController.swift in Sources */ = {isa = PBXBuildFile; fileRef = EEC5118224D58F4C003062A1 /* GameViewController.swift */; };
		EEC5118624D58F4C003062A1 /* Main.storyboard in Resources */ = {isa = PBXBuildFile; fileRef = EEC5118424D58F4C003062A1 /* Main.storyboard */; };
		EEC5118824D58F83003062A1 /* Assets.xcassets in Resources */ = {isa = PBXBuildFile; fileRef = EEC5118724D58F83003062A1 /* Assets.xcassets */; };
		EEC5118B24D58F84003062A1 /* LaunchScreen.storyboard in Resources */ = {isa = PBXBuildFile; fileRef = EEC5118924D58F83003062A1 /* LaunchScreen.storyboard */; };
/* End PBXBuildFile section */

/* Begin PBXFileReference section */
		EE4047F724D7277600844AFC /* explosion.caf */ = {isa = PBXFileReference; lastKnownFileType = file; path = explosion.caf; sourceTree = "<group>"; };
		EE4047F824D7277600844AFC /* swoosh3.caf */ = {isa = PBXFileReference; lastKnownFileType = file; path = swoosh3.caf; sourceTree = "<group>"; };
		EE4047F924D7277600844AFC /* sliceHitEnemy.sks */ = {isa = PBXFileReference; lastKnownFileType = file.sks; path = sliceHitEnemy.sks; sourceTree = "<group>"; };
		EE4047FA24D7277600844AFC /* swoosh1.caf */ = {isa = PBXFileReference; lastKnownFileType = file; path = swoosh1.caf; sourceTree = "<group>"; };
		EE4047FB24D7277600844AFC /* whack.caf */ = {isa = PBXFileReference; lastKnownFileType = file; path = whack.caf; sourceTree = "<group>"; };
		EE4047FC24D7277600844AFC /* wrong.caf */ = {isa = PBXFileReference; lastKnownFileType = file; path = wrong.caf; sourceTree = "<group>"; };
		EE4047FD24D7277600844AFC /* sliceFuse.sks */ = {isa = PBXFileReference; lastKnownFileType = file.sks; path = sliceFuse.sks; sourceTree = "<group>"; };
		EE4047FE24D7277600844AFC /* sliceHitBomb.sks */ = {isa = PBXFileReference; lastKnownFileType = file.sks; path = sliceHitBomb.sks; sourceTree = "<group>"; };
		EE4047FF24D7277600844AFC /* launch.caf */ = {isa = PBXFileReference; lastKnownFileType = file; path = launch.caf; sourceTree = "<group>"; };
		EE40480024D7277700844AFC /* swoosh2.caf */ = {isa = PBXFileReference; lastKnownFileType = file; path = swoosh2.caf; sourceTree = "<group>"; };
		EE40480124D7277700844AFC /* sliceBombFuse.caf */ = {isa = PBXFileReference; lastKnownFileType = file; path = sliceBombFuse.caf; sourceTree = "<group>"; };
		EEC5117724D58F4C003062A1 /* Catch the Shark.app */ = {isa = PBXFileReference; explicitFileType = wrapper.application; includeInIndex = 0; path = "Catch the Shark.app"; sourceTree = BUILT_PRODUCTS_DIR; };
		EEC5117A24D58F4C003062A1 /* AppDelegate.swift */ = {isa = PBXFileReference; lastKnownFileType = sourcecode.swift; path = AppDelegate.swift; sourceTree = "<group>"; };
		EEC5117C24D58F4C003062A1 /* GameScene.sks */ = {isa = PBXFileReference; lastKnownFileType = file.sks; path = GameScene.sks; sourceTree = "<group>"; };
		EEC5118024D58F4C003062A1 /* GameScene.swift */ = {isa = PBXFileReference; lastKnownFileType = sourcecode.swift; path = GameScene.swift; sourceTree = "<group>"; };
		EEC5118224D58F4C003062A1 /* GameViewController.swift */ = {isa = PBXFileReference; lastKnownFileType = sourcecode.swift; path = GameViewController.swift; sourceTree = "<group>"; };
		EEC5118524D58F4C003062A1 /* Base */ = {isa = PBXFileReference; lastKnownFileType = file.storyboard; name = Base; path = Base.lproj/Main.storyboard; sourceTree = "<group>"; };
		EEC5118724D58F83003062A1 /* Assets.xcassets */ = {isa = PBXFileReference; lastKnownFileType = folder.assetcatalog; path = Assets.xcassets; sourceTree = "<group>"; };
		EEC5118A24D58F83003062A1 /* Base */ = {isa = PBXFileReference; lastKnownFileType = file.storyboard; name = Base; path = Base.lproj/LaunchScreen.storyboard; sourceTree = "<group>"; };
		EEC5118C24D58F84003062A1 /* Info.plist */ = {isa = PBXFileReference; lastKnownFileType = text.plist.xml; path = Info.plist; sourceTree = "<group>"; };
/* End PBXFileReference section */

/* Begin PBXFrameworksBuildPhase section */
		EEC5117424D58F4B003062A1 /* Frameworks */ = {
			isa = PBXFrameworksBuildPhase;
			buildActionMask = 2147483647;
			files = (
			);
			runOnlyForDeploymentPostprocessing = 0;
		};
/* End PBXFrameworksBuildPhase section */

/* Begin PBXGroup section */
		EEC5116E24D58F49003062A1 = {
			isa = PBXGroup;
			children = (
				EEC5117924D58F4C003062A1 /* Catch the Shark */,
				EEC5117824D58F4C003062A1 /* Products */,
			);
			sourceTree = "<group>";
		};
		EEC5117824D58F4C003062A1 /* Products */ = {
			isa = PBXGroup;
			children = (
				EEC5117724D58F4C003062A1 /* Catch the Shark.app */,
			);
			name = Products;
			sourceTree = "<group>";
		};
		EEC5117924D58F4C003062A1 /* Catch the Shark */ = {
			isa = PBXGroup;
			children = (
				EEC5117A24D58F4C003062A1 /* AppDelegate.swift */,
				EEC5117C24D58F4C003062A1 /* GameScene.sks */,
				EEC5118024D58F4C003062A1 /* GameScene.swift */,
				EEC5118224D58F4C003062A1 /* GameViewController.swift */,
				EEC5118424D58F4C003062A1 /* Main.storyboard */,
				EEC5118724D58F83003062A1 /* Assets.xcassets */,
				EEC5118924D58F83003062A1 /* LaunchScreen.storyboard */,
				EEC5118C24D58F84003062A1 /* Info.plist */,
				EE4047F724D7277600844AFC /* explosion.caf */,
				EE4047FF24D7277600844AFC /* launch.caf */,
				EE40480124D7277700844AFC /* sliceBombFuse.caf */,
				EE4047FD24D7277600844AFC /* sliceFuse.sks */,
				EE4047FE24D7277600844AFC /* sliceHitBomb.sks */,
				EE4047F924D7277600844AFC /* sliceHitEnemy.sks */,
				EE4047FA24D7277600844AFC /* swoosh1.caf */,
				EE40480024D7277700844AFC /* swoosh2.caf */,
				EE4047F824D7277600844AFC /* swoosh3.caf */,
				EE4047FB24D7277600844AFC /* whack.caf */,
				EE4047FC24D7277600844AFC /* wrong.caf */,
			);
			path = "Catch the Shark";
			sourceTree = "<group>";
		};
/* End PBXGroup section */

/* Begin PBXNativeTarget section */
		EEC5117624D58F4B003062A1 /* Catch the Shark */ = {
			isa = PBXNativeTarget;
			buildConfigurationList = EEC5118F24D58F84003062A1 /* Build configuration list for PBXNativeTarget "Catch the Shark" */;
			buildPhases = (
				EEC5117324D58F4B003062A1 /* Sources */,
				EEC5117424D58F4B003062A1 /* Frameworks */,
				EEC5117524D58F4B003062A1 /* Resources */,
			);
			buildRules = (
			);
			dependencies = (
			);
			name = "Catch the Shark";
			productName = "Catch the Shark";
			productReference = EEC5117724D58F4C003062A1 /* Catch the Shark.app */;
			productType = "com.apple.product-type.application";
		};
/* End PBXNativeTarget section */

/* Begin PBXProject section */
		EEC5116F24D58F49003062A1 /* Project object */ = {
			isa = PBXProject;
			attributes = {
				LastSwiftUpdateCheck = 1140;
				LastUpgradeCheck = 1140;
				ORGANIZATIONNAME = MeerkatWorks;
				TargetAttributes = {
					EEC5117624D58F4B003062A1 = {
						CreatedOnToolsVersion = 11.4.1;
					};
				};
			};
			buildConfigurationList = EEC5117224D58F4A003062A1 /* Build configuration list for PBXProject "Catch the Shark" */;
			compatibilityVersion = "Xcode 9.3";
			developmentRegion = en;
			hasScannedForEncodings = 0;
			knownRegions = (
				en,
				Base,
			);
			mainGroup = EEC5116E24D58F49003062A1;
			productRefGroup = EEC5117824D58F4C003062A1 /* Products */;
			projectDirPath = "";
			projectRoot = "";
			targets = (
				EEC5117624D58F4B003062A1 /* Catch the Shark */,
			);
		};
/* End PBXProject section */

/* Begin PBXResourcesBuildPhase section */
		EEC5117524D58F4B003062A1 /* Resources */ = {
			isa = PBXResourcesBuildPhase;
			buildActionMask = 2147483647;
			files = (
				EE84B4C024D9236800C91CE8 /* sliceBombFuse.caf in Resources */,
				EE84B4C124D9236B00C91CE8 /* launch.caf in Resources */,
				EEC5118624D58F4C003062A1 /* Main.storyboard in Resources */,
				EE84B4BB24D9233300C91CE8 /* swoosh1.caf in Resources */,
				EE84B4BC24D9233700C91CE8 /* swoosh2.caf in Resources */,
				EEC5117D24D58F4C003062A1 /* GameScene.sks in Resources */,
				EE84B4C224D9236F00C91CE8 /* explosion.caf in Resources */,
				EE84B4BF24D9236300C91CE8 /* wrong.caf in Resources */,
				EEC5118824D58F83003062A1 /* Assets.xcassets in Resources */,
				EEC5118B24D58F84003062A1 /* LaunchScreen.storyboard in Resources */,
				EE84B4BD24D9233A00C91CE8 /* swoosh3.caf in Resources */,
				EE84B4BE24D9233D00C91CE8 /* whack.caf in Resources */,
			);
			runOnlyForDeploymentPostprocessing = 0;
		};
/* End PBXResourcesBuildPhase section */

/* Begin PBXSourcesBuildPhase section */
		EEC5117324D58F4B003062A1 /* Sources */ = {
			isa = PBXSourcesBuildPhase;
			buildActionMask = 2147483647;
			files = (
				EEC5118124D58F4C003062A1 /* GameScene.swift in Sources */,
				EEC5118324D58F4C003062A1 /* GameViewController.swift in Sources */,
				EEC5117B24D58F4C003062A1 /* AppDelegate.swift in Sources */,
			);
			runOnlyForDeploymentPostprocessing = 0;
		};
/* End PBXSourcesBuildPhase section */

/* Begin PBXVariantGroup section */
		EEC5118424D58F4C003062A1 /* Main.storyboard */ = {
			isa = PBXVariantGroup;
			children = (
				EEC5118524D58F4C003062A1 /* Base */,
			);
			name = Main.storyboard;
			sourceTree = "<group>";
		};
		EEC5118924D58F83003062A1 /* LaunchScreen.storyboard */ = {
			isa = PBXVariantGroup;
			children = (
				EEC5118A24D58F83003062A1 /* Base */,
			);
			name = LaunchScreen.storyboard;
			sourceTree = "<group>";
		};
/* End PBXVariantGroup section */

/* Begin XCBuildConfiguration section */
		EEC5118D24D58F84003062A1 /* Debug */ = {
			isa = XCBuildConfiguration;
			buildSettings = {
				ALWAYS_SEARCH_USER_PATHS = NO;
				CLANG_ANALYZER_NONNULL = YES;
				CLANG_ANALYZER_NUMBER_OBJECT_CONVERSION = YES_AGGRESSIVE;
				CLANG_CXX_LANGUAGE_STANDARD = "gnu++14";
				CLANG_CXX_LIBRARY = "libc++";
				CLANG_ENABLE_MODULES = YES;
				CLANG_ENABLE_OBJC_ARC = YES;
				CLANG_ENABLE_OBJC_WEAK = YES;
				CLANG_WARN_BLOCK_CAPTURE_AUTORELEASING = YES;
				CLANG_WARN_BOOL_CONVERSION = YES;
				CLANG_WARN_COMMA = YES;
				CLANG_WARN_CONSTANT_CONVERSION = YES;
				CLANG_WARN_DEPRECATED_OBJC_IMPLEMENTATIONS = YES;
				CLANG_WARN_DIRECT_OBJC_ISA_USAGE = YES_ERROR;
				CLANG_WARN_DOCUMENTATION_COMMENTS = YES;
				CLANG_WARN_EMPTY_BODY = YES;
				CLANG_WARN_ENUM_CONVERSION = YES;
				CLANG_WARN_INFINITE_RECURSION = YES;
				CLANG_WARN_INT_CONVERSION = YES;
				CLANG_WARN_NON_LITERAL_NULL_CONVERSION = YES;
				CLANG_WARN_OBJC_IMPLICIT_RETAIN_SELF = YES;
				CLANG_WARN_OBJC_LITERAL_CONVERSION = YES;
				CLANG_WARN_OBJC_ROOT_CLASS = YES_ERROR;
				CLANG_WARN_RANGE_LOOP_ANALYSIS = YES;
				CLANG_WARN_STRICT_PROTOTYPES = YES;
				CLANG_WARN_SUSPICIOUS_MOVE = YES;
				CLANG_WARN_UNGUARDED_AVAILABILITY = YES_AGGRESSIVE;
				CLANG_WARN_UNREACHABLE_CODE = YES;
				CLANG_WARN__DUPLICATE_METHOD_MATCH = YES;
				COPY_PHASE_STRIP = NO;
				DEBUG_INFORMATION_FORMAT = dwarf;
				ENABLE_STRICT_OBJC_MSGSEND = YES;
				ENABLE_TESTABILITY = YES;
				GCC_C_LANGUAGE_STANDARD = gnu11;
				GCC_DYNAMIC_NO_PIC = NO;
				GCC_NO_COMMON_BLOCKS = YES;
				GCC_OPTIMIZATION_LEVEL = 0;
				GCC_PREPROCESSOR_DEFINITIONS = (
					"DEBUG=1",
					"$(inherited)",
				);
				GCC_WARN_64_TO_32_BIT_CONVERSION = YES;
				GCC_WARN_ABOUT_RETURN_TYPE = YES_ERROR;
				GCC_WARN_UNDECLARED_SELECTOR = YES;
				GCC_WARN_UNINITIALIZED_AUTOS = YES_AGGRESSIVE;
				GCC_WARN_UNUSED_FUNCTION = YES;
				GCC_WARN_UNUSED_VARIABLE = YES;
				IPHONEOS_DEPLOYMENT_TARGET = 13.4;
				MTL_ENABLE_DEBUG_INFO = INCLUDE_SOURCE;
				MTL_FAST_MATH = YES;
				ONLY_ACTIVE_ARCH = YES;
				SDKROOT = iphoneos;
				SWIFT_ACTIVE_COMPILATION_CONDITIONS = DEBUG;
				SWIFT_OPTIMIZATION_LEVEL = "-Onone";
			};
			name = Debug;
		};
		EEC5118E24D58F84003062A1 /* Release */ = {
			isa = XCBuildConfiguration;
			buildSettings = {
				ALWAYS_SEARCH_USER_PATHS = NO;
				CLANG_ANALYZER_NONNULL = YES;
				CLANG_ANALYZER_NUMBER_OBJECT_CONVERSION = YES_AGGRESSIVE;
				CLANG_CXX_LANGUAGE_STANDARD = "gnu++14";
				CLANG_CXX_LIBRARY = "libc++";
				CLANG_ENABLE_MODULES = YES;
				CLANG_ENABLE_OBJC_ARC = YES;
				CLANG_ENABLE_OBJC_WEAK = YES;
				CLANG_WARN_BLOCK_CAPTURE_AUTORELEASING = YES;
				CLANG_WARN_BOOL_CONVERSION = YES;
				CLANG_WARN_COMMA = YES;
				CLANG_WARN_CONSTANT_CONVERSION = YES;
				CLANG_WARN_DEPRECATED_OBJC_IMPLEMENTATIONS = YES;
				CLANG_WARN_DIRECT_OBJC_ISA_USAGE = YES_ERROR;
				CLANG_WARN_DOCUMENTATION_COMMENTS = YES;
				CLANG_WARN_EMPTY_BODY = YES;
				CLANG_WARN_ENUM_CONVERSION = YES;
				CLANG_WARN_INFINITE_RECURSION = YES;
				CLANG_WARN_INT_CONVERSION = YES;
				CLANG_WARN_NON_LITERAL_NULL_CONVERSION = YES;
				CLANG_WARN_OBJC_IMPLICIT_RETAIN_SELF = YES;
				CLANG_WARN_OBJC_LITERAL_CONVERSION = YES;
				CLANG_WARN_OBJC_ROOT_CLASS = YES_ERROR;
				CLANG_WARN_RANGE_LOOP_ANALYSIS = YES;
				CLANG_WARN_STRICT_PROTOTYPES = YES;
				CLANG_WARN_SUSPICIOUS_MOVE = YES;
				CLANG_WARN_UNGUARDED_AVAILABILITY = YES_AGGRESSIVE;
				CLANG_WARN_UNREACHABLE_CODE = YES;
				CLANG_WARN__DUPLICATE_METHOD_MATCH = YES;
				COPY_PHASE_STRIP = NO;
				DEBUG_INFORMATION_FORMAT = "dwarf-with-dsym";
				ENABLE_NS_ASSERTIONS = NO;
				ENABLE_STRICT_OBJC_MSGSEND = YES;
				GCC_C_LANGUAGE_STANDARD = gnu11;
				GCC_NO_COMMON_BLOCKS = YES;
				GCC_WARN_64_TO_32_BIT_CONVERSION = YES;
				GCC_WARN_ABOUT_RETURN_TYPE = YES_ERROR;
				GCC_WARN_UNDECLARED_SELECTOR = YES;
				GCC_WARN_UNINITIALIZED_AUTOS = YES_AGGRESSIVE;
				GCC_WARN_UNUSED_FUNCTION = YES;
				GCC_WARN_UNUSED_VARIABLE = YES;
				IPHONEOS_DEPLOYMENT_TARGET = 13.4;
				MTL_ENABLE_DEBUG_INFO = NO;
				MTL_FAST_MATH = YES;
				SDKROOT = iphoneos;
				SWIFT_COMPILATION_MODE = wholemodule;
				SWIFT_OPTIMIZATION_LEVEL = "-O";
				VALIDATE_PRODUCT = YES;
			};
			name = Release;
		};
		EEC5119024D58F84003062A1 /* Debug */ = {
			isa = XCBuildConfiguration;
			buildSettings = {
				ASSETCATALOG_COMPILER_APPICON_NAME = AppIcon;
				CODE_SIGN_STYLE = Automatic;
				DEVELOPMENT_TEAM = 7FZ5UVTS24;
				INFOPLIST_FILE = "Catch the Shark/Info.plist";
				LD_RUNPATH_SEARCH_PATHS = (
					"$(inherited)",
					"@executable_path/Frameworks",
				);
				PRODUCT_BUNDLE_IDENTIFIER = "com.MeerkatWorks.Catch-the-Shark";
				PRODUCT_NAME = "$(TARGET_NAME)";
				SWIFT_VERSION = 5.0;
				TARGETED_DEVICE_FAMILY = 2;
			};
			name = Debug;
		};
		EEC5119124D58F84003062A1 /* Release */ = {
			isa = XCBuildConfiguration;
			buildSettings = {
				ASSETCATALOG_COMPILER_APPICON_NAME = AppIcon;
				CODE_SIGN_STYLE = Automatic;
				DEVELOPMENT_TEAM = 7FZ5UVTS24;
				INFOPLIST_FILE = "Catch the Shark/Info.plist";
				LD_RUNPATH_SEARCH_PATHS = (
					"$(inherited)",
					"@executable_path/Frameworks",
				);
				PRODUCT_BUNDLE_IDENTIFIER = "com.MeerkatWorks.Catch-the-Shark";
				PRODUCT_NAME = "$(TARGET_NAME)";
				SWIFT_VERSION = 5.0;
				TARGETED_DEVICE_FAMILY = 2;
			};
			name = Release;
		};
/* End XCBuildConfiguration section */

/* Begin XCConfigurationList section */
		EEC5117224D58F4A003062A1 /* Build configuration list for PBXProject "Catch the Shark" */ = {
			isa = XCConfigurationList;
			buildConfigurations = (
				EEC5118D24D58F84003062A1 /* Debug */,
				EEC5118E24D58F84003062A1 /* Release */,
			);
			defaultConfigurationIsVisible = 0;
			defaultConfigurationName = Release;
		};
		EEC5118F24D58F84003062A1 /* Build configuration list for PBXNativeTarget "Catch the Shark" */ = {
			isa = XCConfigurationList;
			buildConfigurations = (
				EEC5119024D58F84003062A1 /* Debug */,
				EEC5119124D58F84003062A1 /* Release */,
			);
			defaultConfigurationIsVisible = 0;
			defaultConfigurationName = Release;
		};
/* End XCConfigurationList section */
	};
	rootObject = EEC5116F24D58F49003062A1 /* Project object */;
}
